
Microsoft Visual Studio Solution File, Format Version 12.00
# Visual Studio 2015
Project("{FAE04EC0-301F-11D3-BF4B-00C04F79EFBC}") = "unity_grid.CSharp", "unity_grid.CSharp.csproj", "{58380FE9-1800-A235-E5A0-37CE2992E30B}"
EndProject
Global
	GlobalSection(SolutionConfigurationPlatforms) = preSolution
		Debug|Any CPU = Debug|Any CPU
		Release|Any CPU = Release|Any CPU
	EndGlobalSection
	GlobalSection(ProjectConfigurationPlatforms) = postSolution
		{58380FE9-1800-A235-E5A0-37CE2992E30B}.Debug|Any CPU.ActiveCfg = Debug|Any CPU
		{58380FE9-1800-A235-E5A0-37CE2992E30B}.Debug|Any CPU.Build.0 = Debug|Any CPU
		{58380FE9-1800-A235-E5A0-37CE2992E30B}.Release|Any CPU.ActiveCfg = Release|Any CPU
		{58380FE9-1800-A235-E5A0-37CE2992E30B}.Release|Any CPU.Build.0 = Release|Any CPU
	EndGlobalSection
	GlobalSection(SolutionProperties) = preSolution
		HideSolutionNode = FALSE
	EndGlobalSection
EndGlobal
